
Microsoft Visual Studio Solution File, Format Version 12.00
# Visual Studio Version 17
VisualStudioVersion = 17.14.36408.4 d17.14
MinimumVisualStudioVersion = 10.0.40219.1
Project("{FAE04EC0-301F-11D3-BF4B-00C04F79EFBC}") = "BlazorAppDemo", "BlazorAppDemo\BlazorAppDemo.csproj", "{F23A2A6F-877B-46C4-B904-E9AF8DEE14D2}"
EndProject
Project("{FAE04EC0-301F-11D3-BF4B-00C04F79EFBC}") = "BlazorAppDemo.Client", "BlazorAppDemo.Client\BlazorAppDemo.Client.csproj", "{DEC55060-DF69-44A0-B899-C987792A17D3}"
EndProject
Global
	GlobalSection(SolutionConfigurationPlatforms) = preSolution
		Debug|Any CPU = Debug|Any CPU
		Release|Any CPU = Release|Any CPU
	EndGlobalSection
	GlobalSection(ProjectConfigurationPlatforms) = postSolution
		{F23A2A6F-877B-46C4-B904-E9AF8DEE14D2}.Debug|Any CPU.ActiveCfg = Debug|Any CPU
		{F23A2A6F-877B-46C4-B904-E9AF8DEE14D2}.Debug|Any CPU.Build.0 = Debug|Any CPU
		{F23A2A6F-877B-46C4-B904-E9AF8DEE14D2}.Release|Any CPU.ActiveCfg = Release|Any CPU
		{F23A2A6F-877B-46C4-B904-E9AF8DEE14D2}.Release|Any CPU.Build.0 = Release|Any CPU
		{DEC55060-DF69-44A0-B899-C987792A17D3}.Debug|Any CPU.ActiveCfg = Debug|Any CPU
		{DEC55060-DF69-44A0-B899-C987792A17D3}.Debug|Any CPU.Build.0 = Debug|Any CPU
		{DEC55060-DF69-44A0-B899-C987792A17D3}.Release|Any CPU.ActiveCfg = Release|Any CPU
		{DEC55060-DF69-44A0-B899-C987792A17D3}.Release|Any CPU.Build.0 = Release|Any CPU
	EndGlobalSection
	GlobalSection(SolutionProperties) = preSolution
		HideSolutionNode = FALSE
	EndGlobalSection
	GlobalSection(ExtensibilityGlobals) = postSolution
		SolutionGuid = {10AF0FD9-B30D-4FDE-8714-62E2689503A6}
	EndGlobalSection
EndGlobal
